
Microsoft Visual Studio Solution File, Format Version 12.00
# Visual Studio 15
VisualStudioVersion = 15.0.28307.271
MinimumVisualStudioVersion = 10.0.40219.1
Project("{FAE04EC0-301F-11D3-BF4B-00C04F79EFBC}") = "OgrenciKayıt", "OgrenciKayıt\OgrenciKayıt.csproj", "{D622E94F-3C84-4C22-958A-D7F69F49A26F}"
EndProject
Global
	GlobalSection(SolutionConfigurationPlatforms) = preSolution
		Debug|Any CPU = Debug|Any CPU
		Release|Any CPU = Release|Any CPU
	EndGlobalSection
	GlobalSection(ProjectConfigurationPlatforms) = postSolution
		{D622E94F-3C84-4C22-958A-D7F69F49A26F}.Debug|Any CPU.ActiveCfg = Debug|Any CPU
		{D622E94F-3C84-4C22-958A-D7F69F49A26F}.Debug|Any CPU.Build.0 = Debug|Any CPU
		{D622E94F-3C84-4C22-958A-D7F69F49A26F}.Release|Any CPU.ActiveCfg = Release|Any CPU
		{D622E94F-3C84-4C22-958A-D7F69F49A26F}.Release|Any CPU.Build.0 = Release|Any CPU
	EndGlobalSection
	GlobalSection(SolutionProperties) = preSolution
		HideSolutionNode = FALSE
	EndGlobalSection
	GlobalSection(ExtensibilityGlobals) = postSolution
		SolutionGuid = {230F730A-156C-4D48-A6F5-172EBCCBEB96}
	EndGlobalSection
EndGlobal
